// !$*UTF8*$!
{
	archiveVersion = 1;
	classes = {
	};
	objectVersion = 46;
	objects = {

/* Begin PBXBuildFile section */
		0EAEF74A16BB006E001AE666 /* UIKit.framework in Frameworks */ = {isa = PBXBuildFile; fileRef = 0EAEF74916BB006E001AE666 /* UIKit.framework */; };
		0EAEF74C16BB006E001AE666 /* Foundation.framework in Frameworks */ = {isa = PBXBuildFile; fileRef = 0EAEF74B16BB006E001AE666 /* Foundation.framework */; };
		0EAEF74E16BB006E001AE666 /* CoreGraphics.framework in Frameworks */ = {isa = PBXBuildFile; fileRef = 0EAEF74D16BB006E001AE666 /* CoreGraphics.framework */; };
		0EAEF75416BB006E001AE666 /* InfoPlist.strings in Resources */ = {isa = PBXBuildFile; fileRef = 0EAEF75216BB006E001AE666 /* InfoPlist.strings */; };
		0EAEF75616BB006E001AE666 /* main.m in Sources */ = {isa = PBXBuildFile; fileRef = 0EAEF75516BB006E001AE666 /* main.m */; };
		0EAEF75A16BB006E001AE666 /* AppDelegate.m in Sources */ = {isa = PBXBuildFile; fileRef = 0EAEF75916BB006E001AE666 /* AppDelegate.m */; };
		0EAEF75C16BB006E001AE666 /* Default.png in Resources */ = {isa = PBXBuildFile; fileRef = 0EAEF75B16BB006E001AE666 /* Default.png */; };
		0EAEF75E16BB006E001AE666 /* Default@2x.png in Resources */ = {isa = PBXBuildFile; fileRef = 0EAEF75D16BB006E001AE666 /* Default@2x.png */; };
		0EAEF76016BB006E001AE666 /* Default-568h@2x.png in Resources */ = {isa = PBXBuildFile; fileRef = 0EAEF75F16BB006E001AE666 /* Default-568h@2x.png */; };
		0EAEF76316BB006E001AE666 /* MainStoryboard_iPhone.storyboard in Resources */ = {isa = PBXBuildFile; fileRef = 0EAEF76116BB006E001AE666 /* MainStoryboard_iPhone.storyboard */; };
		0EAEF76616BB006E001AE666 /* MainStoryboard_iPad.storyboard in Resources */ = {isa = PBXBuildFile; fileRef = 0EAEF76416BB006E001AE666 /* MainStoryboard_iPad.storyboard */; };
		0EAEF76916BB006E001AE666 /* ViewController.m in Sources */ = {isa = PBXBuildFile; fileRef = 0EAEF76816BB006E001AE666 /* ViewController.m */; };
		0EAEF77116BB006E001AE666 /* SenTestingKit.framework in Frameworks */ = {isa = PBXBuildFile; fileRef = 0EAEF77016BB006E001AE666 /* SenTestingKit.framework */; };
		0EAEF77216BB006E001AE666 /* UIKit.framework in Frameworks */ = {isa = PBXBuildFile; fileRef = 0EAEF74916BB006E001AE666 /* UIKit.framework */; };
		0EAEF77316BB006E001AE666 /* Foundation.framework in Frameworks */ = {isa = PBXBuildFile; fileRef = 0EAEF74B16BB006E001AE666 /* Foundation.framework */; };
		0EAEF77B16BB006E001AE666 /* InfoPlist.strings in Resources */ = {isa = PBXBuildFile; fileRef = 0EAEF77916BB006E001AE666 /* InfoPlist.strings */; };
		0EAEF77E16BB006E001AE666 /* GeoAuthTests.m in Sources */ = {isa = PBXBuildFile; fileRef = 0EAEF77D16BB006E001AE666 /* GeoAuthTests.m */; };
/* End PBXBuildFile section */

/* Begin PBXContainerItemProxy section */
		0EAEF77416BB006E001AE666 /* PBXContainerItemProxy */ = {
			isa = PBXContainerItemProxy;
			containerPortal = 0EAEF73E16BB006E001AE666 /* Project object */;
			proxyType = 1;
			remoteGlobalIDString = 0EAEF74516BB006E001AE666;
			remoteInfo = GeoAuth;
		};
/* End PBXContainerItemProxy section */

/* Begin PBXFileReference section */
		0EAEF74616BB006E001AE666 /* GeoAuth.app */ = {isa = PBXFileReference; explicitFileType = wrapper.application; includeInIndex = 0; path = GeoAuth.app; sourceTree = BUILT_PRODUCTS_DIR; };
		0EAEF74916BB006E001AE666 /* UIKit.framework */ = {isa = PBXFileReference; lastKnownFileType = wrapper.framework; name = UIKit.framework; path = System/Library/Frameworks/UIKit.framework; sourceTree = SDKROOT; };
		0EAEF74B16BB006E001AE666 /* Foundation.framework */ = {isa = PBXFileReference; lastKnownFileType = wrapper.framework; name = Foundation.framework; path = System/Library/Frameworks/Foundation.framework; sourceTree = SDKROOT; };
		0EAEF74D16BB006E001AE666 /* CoreGraphics.framework */ = {isa = PBXFileReference; lastKnownFileType = wrapper.framework; name = CoreGraphics.framework; path = System/Library/Frameworks/CoreGraphics.framework; sourceTree = SDKROOT; };
		0EAEF75116BB006E001AE666 /* GeoAuth-Info.plist */ = {isa = PBXFileReference; lastKnownFileType = text.plist.xml; path = "GeoAuth-Info.plist"; sourceTree = "<group>"; };
		0EAEF75316BB006E001AE666 /* en */ = {isa = PBXFileReference; lastKnownFileType = text.plist.strings; name = en; path = en.lproj/InfoPlist.strings; sourceTree = "<group>"; };
		0EAEF75516BB006E001AE666 /* main.m */ = {isa = PBXFileReference; lastKnownFileType = sourcecode.c.objc; path = main.m; sourceTree = "<group>"; };
		0EAEF75716BB006E001AE666 /* GeoAuth-Prefix.pch */ = {isa = PBXFileReference; lastKnownFileType = sourcecode.c.h; path = "GeoAuth-Prefix.pch"; sourceTree = "<group>"; };
		0EAEF75816BB006E001AE666 /* AppDelegate.h */ = {isa = PBXFileReference; lastKnownFileType = sourcecode.c.h; path = AppDelegate.h; sourceTree = "<group>"; };
		0EAEF75916BB006E001AE666 /* AppDelegate.m */ = {isa = PBXFileReference; lastKnownFileType = sourcecode.c.objc; path = AppDelegate.m; sourceTree = "<group>"; };
		0EAEF75B16BB006E001AE666 /* Default.png */ = {isa = PBXFileReference; lastKnownFileType = image.png; path = Default.png; sourceTree = "<group>"; };
		0EAEF75D16BB006E001AE666 /* Default@2x.png */ = {isa = PBXFileReference; lastKnownFileType = image.png; path = "Default@2x.png"; sourceTree = "<group>"; };
		0EAEF75F16BB006E001AE666 /* Default-568h@2x.png */ = {isa = PBXFileReference; lastKnownFileType = image.png; path = "Default-568h@2x.png"; sourceTree = "<group>"; };
		0EAEF76216BB006E001AE666 /* en */ = {isa = PBXFileReference; lastKnownFileType = file.storyboard; name = en; path = en.lproj/MainStoryboard_iPhone.storyboard; sourceTree = "<group>"; };
		0EAEF76516BB006E001AE666 /* en */ = {isa = PBXFileReference; lastKnownFileType = file.storyboard; name = en; path = en.lproj/MainStoryboard_iPad.storyboard; sourceTree = "<group>"; };
		0EAEF76716BB006E001AE666 /* ViewController.h */ = {isa = PBXFileReference; lastKnownFileType = sourcecode.c.h; path = ViewController.h; sourceTree = "<group>"; };
		0EAEF76816BB006E001AE666 /* ViewController.m */ = {isa = PBXFileReference; lastKnownFileType = sourcecode.c.objc; path = ViewController.m; sourceTree = "<group>"; };
		0EAEF76F16BB006E001AE666 /* GeoAuthTests.octest */ = {isa = PBXFileReference; explicitFileType = wrapper.cfbundle; includeInIndex = 0; path = GeoAuthTests.octest; sourceTree = BUILT_PRODUCTS_DIR; };
		0EAEF77016BB006E001AE666 /* SenTestingKit.framework */ = {isa = PBXFileReference; lastKnownFileType = wrapper.framework; name = SenTestingKit.framework; path = Library/Frameworks/SenTestingKit.framework; sourceTree = DEVELOPER_DIR; };
		0EAEF77816BB006E001AE666 /* GeoAuthTests-Info.plist */ = {isa = PBXFileReference; lastKnownFileType = text.plist.xml; path = "GeoAuthTests-Info.plist"; sourceTree = "<group>"; };
		0EAEF77A16BB006E001AE666 /* en */ = {isa = PBXFileReference; lastKnownFileType = text.plist.strings; name = en; path = en.lproj/InfoPlist.strings; sourceTree = "<group>"; };
		0EAEF77C16BB006E001AE666 /* GeoAuthTests.h */ = {isa = PBXFileReference; lastKnownFileType = sourcecode.c.h; path = GeoAuthTests.h; sourceTree = "<group>"; };
		0EAEF77D16BB006E001AE666 /* GeoAuthTests.m */ = {isa = PBXFileReference; lastKnownFileType = sourcecode.c.objc; path = GeoAuthTests.m; sourceTree = "<group>"; };
/* End PBXFileReference section */

/* Begin PBXFrameworksBuildPhase section */
		0EAEF74316BB006E001AE666 /* Frameworks */ = {
			isa = PBXFrameworksBuildPhase;
			buildActionMask = 2147483647;
			files = (
				0EAEF74A16BB006E001AE666 /* UIKit.framework in Frameworks */,
				0EAEF74C16BB006E001AE666 /* Foundation.framework in Frameworks */,
				0EAEF74E16BB006E001AE666 /* CoreGraphics.framework in Frameworks */,
			);
			runOnlyForDeploymentPostprocessing = 0;
		};
		0EAEF76B16BB006E001AE666 /* Frameworks */ = {
			isa = PBXFrameworksBuildPhase;
			buildActionMask = 2147483647;
			files = (
				0EAEF77116BB006E001AE666 /* SenTestingKit.framework in Frameworks */,
				0EAEF77216BB006E001AE666 /* UIKit.framework in Frameworks */,
				0EAEF77316BB006E001AE666 /* Foundation.framework in Frameworks */,
			);
			runOnlyForDeploymentPostprocessing = 0;
		};
/* End PBXFrameworksBuildPhase section */

/* Begin PBXGroup section */
		0EAEF73D16BB006E001AE666 = {
			isa = PBXGroup;
			children = (
				0EAEF74F16BB006E001AE666 /* GeoAuth */,
				0EAEF77616BB006E001AE666 /* GeoAuthTests */,
				0EAEF74816BB006E001AE666 /* Frameworks */,
				0EAEF74716BB006E001AE666 /* Products */,
			);
			sourceTree = "<group>";
		};
		0EAEF74716BB006E001AE666 /* Products */ = {
			isa = PBXGroup;
			children = (
				0EAEF74616BB006E001AE666 /* GeoAuth.app */,
				0EAEF76F16BB006E001AE666 /* GeoAuthTests.octest */,
			);
			name = Products;
			sourceTree = "<group>";
		};
		0EAEF74816BB006E001AE666 /* Frameworks */ = {
			isa = PBXGroup;
			children = (
				0EAEF74916BB006E001AE666 /* UIKit.framework */,
				0EAEF74B16BB006E001AE666 /* Foundation.framework */,
				0EAEF74D16BB006E001AE666 /* CoreGraphics.framework */,
				0EAEF77016BB006E001AE666 /* SenTestingKit.framework */,
			);
			name = Frameworks;
			sourceTree = "<group>";
		};
		0EAEF74F16BB006E001AE666 /* GeoAuth */ = {
			isa = PBXGroup;
			children = (
				0EAEF75816BB006E001AE666 /* AppDelegate.h */,
				0EAEF75916BB006E001AE666 /* AppDelegate.m */,
				0EAEF76116BB006E001AE666 /* MainStoryboard_iPhone.storyboard */,
				0EAEF76416BB006E001AE666 /* MainStoryboard_iPad.storyboard */,
				0EAEF76716BB006E001AE666 /* ViewController.h */,
				0EAEF76816BB006E001AE666 /* ViewController.m */,
				0EAEF75016BB006E001AE666 /* Supporting Files */,
			);
			path = GeoAuth;
			sourceTree = "<group>";
		};
		0EAEF75016BB006E001AE666 /* Supporting Files */ = {
			isa = PBXGroup;
			children = (
				0EAEF75116BB006E001AE666 /* GeoAuth-Info.plist */,
				0EAEF75216BB006E001AE666 /* InfoPlist.strings */,
				0EAEF75516BB006E001AE666 /* main.m */,
				0EAEF75716BB006E001AE666 /* GeoAuth-Prefix.pch */,
				0EAEF75B16BB006E001AE666 /* Default.png */,
				0EAEF75D16BB006E001AE666 /* Default@2x.png */,
				0EAEF75F16BB006E001AE666 /* Default-568h@2x.png */,
			);
			name = "Supporting Files";
			sourceTree = "<group>";
		};
		0EAEF77616BB006E001AE666 /* GeoAuthTests */ = {
			isa = PBXGroup;
			children = (
				0EAEF77C16BB006E001AE666 /* GeoAuthTests.h */,
				0EAEF77D16BB006E001AE666 /* GeoAuthTests.m */,
				0EAEF77716BB006E001AE666 /* Supporting Files */,
			);
			path = GeoAuthTests;
			sourceTree = "<group>";
		};
		0EAEF77716BB006E001AE666 /* Supporting Files */ = {
			isa = PBXGroup;
			children = (
				0EAEF77816BB006E001AE666 /* GeoAuthTests-Info.plist */,
				0EAEF77916BB006E001AE666 /* InfoPlist.strings */,
			);
			name = "Supporting Files";
			sourceTree = "<group>";
		};
/* End PBXGroup section */

/* Begin PBXNativeTarget section */
		0EAEF74516BB006E001AE666 /* GeoAuth */ = {
			isa = PBXNativeTarget;
			buildConfigurationList = 0EAEF78116BB006E001AE666 /* Build configuration list for PBXNativeTarget "GeoAuth" */;
			buildPhases = (
				0EAEF74216BB006E001AE666 /* Sources */,
				0EAEF74316BB006E001AE666 /* Frameworks */,
				0EAEF74416BB006E001AE666 /* Resources */,
			);
			buildRules = (
			);
			dependencies = (
			);
			name = GeoAuth;
			productName = GeoAuth;
			productReference = 0EAEF74616BB006E001AE666 /* GeoAuth.app */;
			productType = "com.apple.product-type.application";
		};
		0EAEF76E16BB006E001AE666 /* GeoAuthTests */ = {
			isa = PBXNativeTarget;
			buildConfigurationList = 0EAEF78416BB006E001AE666 /* Build configuration list for PBXNativeTarget "GeoAuthTests" */;
			buildPhases = (
				0EAEF76A16BB006E001AE666 /* Sources */,
				0EAEF76B16BB006E001AE666 /* Frameworks */,
				0EAEF76C16BB006E001AE666 /* Resources */,
				0EAEF76D16BB006E001AE666 /* ShellScript */,
			);
			buildRules = (
			);
			dependencies = (
				0EAEF77516BB006E001AE666 /* PBXTargetDependency */,
			);
			name = GeoAuthTests;
			productName = GeoAuthTests;
			productReference = 0EAEF76F16BB006E001AE666 /* GeoAuthTests.octest */;
			productType = "com.apple.product-type.bundle";
		};
/* End PBXNativeTarget section */

/* Begin PBXProject section */
		0EAEF73E16BB006E001AE666 /* Project object */ = {
			isa = PBXProject;
			attributes = {
				LastUpgradeCheck = 0460;
				ORGANIZATIONNAME = "Jacob Okamoto";
			};
			buildConfigurationList = 0EAEF74116BB006E001AE666 /* Build configuration list for PBXProject "GeoAuth" */;
			compatibilityVersion = "Xcode 3.2";
			developmentRegion = English;
			hasScannedForEncodings = 0;
			knownRegions = (
				en,
			);
			mainGroup = 0EAEF73D16BB006E001AE666;
			productRefGroup = 0EAEF74716BB006E001AE666 /* Products */;
			projectDirPath = "";
			projectRoot = "";
			targets = (
				0EAEF74516BB006E001AE666 /* GeoAuth */,
				0EAEF76E16BB006E001AE666 /* GeoAuthTests */,
			);
		};
/* End PBXProject section */

/* Begin PBXResourcesBuildPhase section */
		0EAEF74416BB006E001AE666 /* Resources */ = {
			isa = PBXResourcesBuildPhase;
			buildActionMask = 2147483647;
			files = (
				0EAEF75416BB006E001AE666 /* InfoPlist.strings in Resources */,
				0EAEF75C16BB006E001AE666 /* Default.png in Resources */,
				0EAEF75E16BB006E001AE666 /* Default@2x.png in Resources */,
				0EAEF76016BB006E001AE666 /* Default-568h@2x.png in Resources */,
				0EAEF76316BB006E001AE666 /* MainStoryboard_iPhone.storyboard in Resources */,
				0EAEF76616BB006E001AE666 /* MainStoryboard_iPad.storyboard in Resources */,
			);
			runOnlyForDeploymentPostprocessing = 0;
		};
		0EAEF76C16BB006E001AE666 /* Resources */ = {
			isa = PBXResourcesBuildPhase;
			buildActionMask = 2147483647;
			files = (
				0EAEF77B16BB006E001AE666 /* InfoPlist.strings in Resources */,
			);
			runOnlyForDeploymentPostprocessing = 0;
		};
/* End PBXResourcesBuildPhase section */

/* Begin PBXShellScriptBuildPhase section */
		0EAEF76D16BB006E001AE666 /* ShellScript */ = {
			isa = PBXShellScriptBuildPhase;
			buildActionMask = 2147483647;
			files = (
			);
			inputPaths = (
			);
			outputPaths = (
			);
			runOnlyForDeploymentPostprocessing = 0;
			shellPath = /bin/sh;
			shellScript = "# Run the unit tests in this test bundle.\n\"${SYSTEM_DEVELOPER_DIR}/Tools/RunUnitTests\"\n";
		};
/* End PBXShellScriptBuildPhase section */

/* Begin PBXSourcesBuildPhase section */
		0EAEF74216BB006E001AE666 /* Sources */ = {
			isa = PBXSourcesBuildPhase;
			buildActionMask = 2147483647;
			files = (
				0EAEF75616BB006E001AE666 /* main.m in Sources */,
				0EAEF75A16BB006E001AE666 /* AppDelegate.m in Sources */,
				0EAEF76916BB006E001AE666 /* ViewController.m in Sources */,
			);
			runOnlyForDeploymentPostprocessing = 0;
		};
		0EAEF76A16BB006E001AE666 /* Sources */ = {
			isa = PBXSourcesBuildPhase;
			buildActionMask = 2147483647;
			files = (
				0EAEF77E16BB006E001AE666 /* GeoAuthTests.m in Sources */,
			);
			runOnlyForDeploymentPostprocessing = 0;
		};
/* End PBXSourcesBuildPhase section */

/* Begin PBXTargetDependency section */
		0EAEF77516BB006E001AE666 /* PBXTargetDependency */ = {
			isa = PBXTargetDependency;
			target = 0EAEF74516BB006E001AE666 /* GeoAuth */;
			targetProxy = 0EAEF77416BB006E001AE666 /* PBXContainerItemProxy */;
		};
/* End PBXTargetDependency section */

/* Begin PBXVariantGroup section */
		0EAEF75216BB006E001AE666 /* InfoPlist.strings */ = {
			isa = PBXVariantGroup;
			children = (
				0EAEF75316BB006E001AE666 /* en */,
			);
			name = InfoPlist.strings;
			sourceTree = "<group>";
		};
		0EAEF76116BB006E001AE666 /* MainStoryboard_iPhone.storyboard */ = {
			isa = PBXVariantGroup;
			children = (
				0EAEF76216BB006E001AE666 /* en */,
			);
			name = MainStoryboard_iPhone.storyboard;
			sourceTree = "<group>";
		};
		0EAEF76416BB006E001AE666 /* MainStoryboard_iPad.storyboard */ = {
			isa = PBXVariantGroup;
			children = (
				0EAEF76516BB006E001AE666 /* en */,
			);
			name = MainStoryboard_iPad.storyboard;
			sourceTree = "<group>";
		};
		0EAEF77916BB006E001AE666 /* InfoPlist.strings */ = {
			isa = PBXVariantGroup;
			children = (
				0EAEF77A16BB006E001AE666 /* en */,
			);
			name = InfoPlist.strings;
			sourceTree = "<group>";
		};
/* End PBXVariantGroup section */

/* Begin XCBuildConfiguration section */
		0EAEF77F16BB006E001AE666 /* Debug */ = {
			isa = XCBuildConfiguration;
			buildSettings = {
				ALWAYS_SEARCH_USER_PATHS = NO;
				CLANG_CXX_LANGUAGE_STANDARD = "gnu++0x";
				CLANG_CXX_LIBRARY = "libc++";
				CLANG_ENABLE_OBJC_ARC = YES;
				CLANG_WARN_CONSTANT_CONVERSION = YES;
				CLANG_WARN_EMPTY_BODY = YES;
				CLANG_WARN_ENUM_CONVERSION = YES;
				CLANG_WARN_INT_CONVERSION = YES;
				CLANG_WARN__DUPLICATE_METHOD_MATCH = YES;
				"CODE_SIGN_IDENTITY[sdk=iphoneos*]" = "iPhone Developer";
				COPY_PHASE_STRIP = NO;
				GCC_C_LANGUAGE_STANDARD = gnu99;
				GCC_DYNAMIC_NO_PIC = NO;
				GCC_OPTIMIZATION_LEVEL = 0;
				GCC_PREPROCESSOR_DEFINITIONS = (
					"DEBUG=1",
					"$(inherited)",
				);
				GCC_SYMBOLS_PRIVATE_EXTERN = NO;
				GCC_WARN_ABOUT_RETURN_TYPE = YES;
				GCC_WARN_UNINITIALIZED_AUTOS = YES;
				GCC_WARN_UNUSED_VARIABLE = YES;
				IPHONEOS_DEPLOYMENT_TARGET = 6.1;
				ONLY_ACTIVE_ARCH = YES;
				SDKROOT = iphoneos;
				TARGETED_DEVICE_FAMILY = "1,2";
			};
			name = Debug;
		};
		0EAEF78016BB006E001AE666 /* Release */ = {
			isa = XCBuildConfiguration;
			buildSettings = {
				ALWAYS_SEARCH_USER_PATHS = NO;
				CLANG_CXX_LANGUAGE_STANDARD = "gnu++0x";
				CLANG_CXX_LIBRARY = "libc++";
				CLANG_ENABLE_OBJC_ARC = YES;
				CLANG_WARN_CONSTANT_CONVERSION = YES;
				CLANG_WARN_EMPTY_BODY = YES;
				CLANG_WARN_ENUM_CONVERSION = YES;
				CLANG_WARN_INT_CONVERSION = YES;
				CLANG_WARN__DUPLICATE_METHOD_MATCH = YES;
				"CODE_SIGN_IDENTITY[sdk=iphoneos*]" = "iPhone Developer";
				COPY_PHASE_STRIP = YES;
				GCC_C_LANGUAGE_STANDARD = gnu99;
				GCC_WARN_ABOUT_RETURN_TYPE = YES;
				GCC_WARN_UNINITIALIZED_AUTOS = YES;
				GCC_WARN_UNUSED_VARIABLE = YES;
				IPHONEOS_DEPLOYMENT_TARGET = 6.1;
				OTHER_CFLAGS = "-DNS_BLOCK_ASSERTIONS=1";
				SDKROOT = iphoneos;
				TARGETED_DEVICE_FAMILY = "1,2";
				VALIDATE_PRODUCT = YES;
			};
			name = Release;
		};
		0EAEF78216BB006E001AE666 /* Debug */ = {
			isa = XCBuildConfiguration;
			buildSettings = {
				GCC_PRECOMPILE_PREFIX_HEADER = YES;
				GCC_PREFIX_HEADER = "GeoAuth/GeoAuth-Prefix.pch";
				INFOPLIST_FILE = "GeoAuth/GeoAuth-Info.plist";
				PRODUCT_NAME = "$(TARGET_NAME)";
				WRAPPER_EXTENSION = app;
			};
			name = Debug;
		};
		0EAEF78316BB006E001AE666 /* Release */ = {
			isa = XCBuildConfiguration;
			buildSettings = {
				GCC_PRECOMPILE_PREFIX_HEADER = YES;
				GCC_PREFIX_HEADER = "GeoAuth/GeoAuth-Prefix.pch";
				INFOPLIST_FILE = "GeoAuth/GeoAuth-Info.plist";
				PRODUCT_NAME = "$(TARGET_NAME)";
				WRAPPER_EXTENSION = app;
			};
			name = Release;
		};
		0EAEF78516BB006E001AE666 /* Debug */ = {
			isa = XCBuildConfiguration;
			buildSettings = {
				BUNDLE_LOADER = "$(BUILT_PRODUCTS_DIR)/GeoAuth.app/GeoAuth";
				FRAMEWORK_SEARCH_PATHS = (
					"\"$(SDKROOT)/Developer/Library/Frameworks\"",
					"\"$(DEVELOPER_LIBRARY_DIR)/Frameworks\"",
				);
				GCC_PRECOMPILE_PREFIX_HEADER = YES;
				GCC_PREFIX_HEADER = "GeoAuth/GeoAuth-Prefix.pch";
				INFOPLIST_FILE = "GeoAuthTests/GeoAuthTests-Info.plist";
				PRODUCT_NAME = "$(TARGET_NAME)";
				TEST_HOST = "$(BUNDLE_LOADER)";
				WRAPPER_EXTENSION = octest;
			};
			name = Debug;
		};
		0EAEF78616BB006E001AE666 /* Release */ = {
			isa = XCBuildConfiguration;
			buildSettings = {
				BUNDLE_LOADER = "$(BUILT_PRODUCTS_DIR)/GeoAuth.app/GeoAuth";
				FRAMEWORK_SEARCH_PATHS = (
					"\"$(SDKROOT)/Developer/Library/Frameworks\"",
					"\"$(DEVELOPER_LIBRARY_DIR)/Frameworks\"",
				);
				GCC_PRECOMPILE_PREFIX_HEADER = YES;
				GCC_PREFIX_HEADER = "GeoAuth/GeoAuth-Prefix.pch";
				INFOPLIST_FILE = "GeoAuthTests/GeoAuthTests-Info.plist";
				PRODUCT_NAME = "$(TARGET_NAME)";
				TEST_HOST = "$(BUNDLE_LOADER)";
				WRAPPER_EXTENSION = octest;
			};
			name = Release;
		};
/* End XCBuildConfiguration section */

/* Begin XCConfigurationList section */
		0EAEF74116BB006E001AE666 /* Build configuration list for PBXProject "GeoAuth" */ = {
			isa = XCConfigurationList;
			buildConfigurations = (
				0EAEF77F16BB006E001AE666 /* Debug */,
				0EAEF78016BB006E001AE666 /* Release */,
			);
			defaultConfigurationIsVisible = 0;
			defaultConfigurationName = Release;
		};
		0EAEF78116BB006E001AE666 /* Build configuration list for PBXNativeTarget "GeoAuth" */ = {
			isa = XCConfigurationList;
			buildConfigurations = (
				0EAEF78216BB006E001AE666 /* Debug */,
				0EAEF78316BB006E001AE666 /* Release */,
			);
			defaultConfigurationIsVisible = 0;
		};
		0EAEF78416BB006E001AE666 /* Build configuration list for PBXNativeTarget "GeoAuthTests" */ = {
			isa = XCConfigurationList;
			buildConfigurations = (
				0EAEF78516BB006E001AE666 /* Debug */,
				0EAEF78616BB006E001AE666 /* Release */,
			);
			defaultConfigurationIsVisible = 0;
		};
/* End XCConfigurationList section */
	};
	rootObject = 0EAEF73E16BB006E001AE666 /* Project object */;
}
